
Microsoft Visual Studio Solution File, Format Version 12.00
# Visual Studio Version 17
VisualStudioVersion = 17.5.33424.131
MinimumVisualStudioVersion = 10.0.40219.1
Project("{FAE04EC0-301F-11D3-BF4B-00C04F79EFBC}") = "07_ForeachLoop", "07_ForeachLoop\07_ForeachLoop.csproj", "{6E8801AC-40C4-4976-9D56-E5934EF545C0}"
EndProject
Global
	GlobalSection(SolutionConfigurationPlatforms) = preSolution
		Debug|Any CPU = Debug|Any CPU
		Release|Any CPU = Release|Any CPU
	EndGlobalSection
	GlobalSection(ProjectConfigurationPlatforms) = postSolution
		{6E8801AC-40C4-4976-9D56-E5934EF545C0}.Debug|Any CPU.ActiveCfg = Debug|Any CPU
		{6E8801AC-40C4-4976-9D56-E5934EF545C0}.Debug|Any CPU.Build.0 = Debug|Any CPU
		{6E8801AC-40C4-4976-9D56-E5934EF545C0}.Release|Any CPU.ActiveCfg = Release|Any CPU
		{6E8801AC-40C4-4976-9D56-E5934EF545C0}.Release|Any CPU.Build.0 = Release|Any CPU
	EndGlobalSection
	GlobalSection(SolutionProperties) = preSolution
		HideSolutionNode = FALSE
	EndGlobalSection
	GlobalSection(ExtensibilityGlobals) = postSolution
		SolutionGuid = {A91CC38F-FA68-4DA6-A555-F463588FF1BE}
	EndGlobalSection
EndGlobal
